#
# This file is autogenerated by pip-compile with Python 3.14
# by the following command:
#
#    pip-compile --output-file=requirements.lock
#
aiohappyeyeballs==2.6.2
    # via aiohttp
aiohttp==3.14.1
    # via comfyui-pack-of-thataigod (pyproject.toml)
aiosignal==1.4.0
    # via aiohttp
attrs==26.1.0
    # via aiohttp
filelock==3.29.3
    # via torch
frozenlist==1.8.0
    # via
    #   aiohttp
    #   aiosignal
fsspec==2026.4.0
    # via torch
idna==3.18
    # via yarl
jinja2==3.1.6
    # via torch
markupsafe==3.0.3
    # via jinja2
mpmath==1.3.0
    # via sympy
multidict==6.7.1
    # via
    #   aiohttp
    #   yarl
networkx==3.6.1
    # via torch
numpy==2.4.6
    # via comfyui-pack-of-thataigod (pyproject.toml)
pillow==11.3.0
    # via comfyui-pack-of-thataigod (pyproject.toml)
propcache==0.5.2
    # via
    #   aiohttp
    #   yarl
structlog==26.1.0
    # via comfyui-pack-of-thataigod (pyproject.toml)
sympy==1.14.0
    # via torch
torch==2.12.0
    # via comfyui-pack-of-thataigod (pyproject.toml)
typing-extensions==4.15.0
    # via torch
yarl==1.24.2
    # via aiohttp

# The following packages are considered to be unsafe in a requirements file:
# setuptools
